{
  "name": "starter-code",
  "lockfileVersion": 2,
  "requires": true,
  "packages": {
    "": {
      "dependencies": {
        "@stripe/react-stripe-js": "^1.8.0",
        "@stripe/stripe-js": "^1.29.0",
        "country-list": "^2.2.0",
        "react-jvectormap": "^0.0.16",
        "react-messenger-chat-plugin": "^3.0.5"
      }
    },
    "node_modules/@stripe/react-stripe-js": {
      "version": "1.8.0",
      "resolved": "https://registry.npmjs.org/@stripe/react-stripe-js/-/react-stripe-js-1.8.0.tgz",
      "integrity": "sha512-WtF2mIWJKnyAaZledC48NfynFckEseCPG8tybwFgisFxHvLPKrArlLISJOi2cjIY20DkMAkSkdlEljXifJi0ZA==",
      "dependencies": {
        "prop-types": "^15.7.2"
      },
      "peerDependencies": {
        "@stripe/stripe-js": "^1.26.0",
        "react": "^16.8.0 || ^17.0.0 || ^18.0.0",
        "react-dom": "^16.8.0 || ^17.0.0 || ^18.0.0"
      }
    },
    "node_modules/@stripe/stripe-js": {
      "version": "1.29.0",
      "resolved": "https://registry.npmjs.org/@stripe/stripe-js/-/stripe-js-1.29.0.tgz",
      "integrity": "sha512-OsUxk0VLlum8E2d6onlEdKuQcvLMs7qTrOXCnl/BGV3fAm65qr6h3e1IZ5AX4lgUlPRrzRcddSOA5DvkKKYLvg=="
    },
    "node_modules/country-list": {
      "version": "2.2.0",
      "resolved": "https://registry.npmjs.org/country-list/-/country-list-2.2.0.tgz",
      "integrity": "sha512-AS21pllCp72LmUztqXPVKXK3TRyap1XlohGLqN04cXH2rFB9vo7SnH5sMnqltZPnu9ie/x1se3UuCZJbGXErfw=="
    },
    "node_modules/jquery": {
      "version": "3.6.0",
      "resolved": "https://registry.npmjs.org/jquery/-/jquery-3.6.0.tgz",
      "integrity": "sha512-JVzAR/AjBvVt2BmYhxRCSYysDsPcssdmTFnzyLEts9qNwmjmu4JTAMYubEfwVOSwpQ1I1sKKFcxhZCI2buerfw=="
    },
    "node_modules/jquery-mousewheel": {
      "version": "3.1.13",
      "resolved": "https://registry.npmjs.org/jquery-mousewheel/-/jquery-mousewheel-3.1.13.tgz",
      "integrity": "sha1-BvAzXxbjU6aV5yBr9QUDy1I6buU="
    },
    "node_modules/js-tokens": {
      "version": "4.0.0",
      "resolved": "https://registry.npmjs.org/js-tokens/-/js-tokens-4.0.0.tgz",
      "integrity": "sha512-RdJUflcE3cUzKiMqQgsCu06FPu9UdIJO0beYbPhHN4k6apgJtifcoCtT9bcxOpYBtpD2kCM6Sbzg4CausW/PKQ=="
    },
    "node_modules/jvectormap-next": {
      "version": "3.1.1",
      "resolved": "https://registry.npmjs.org/jvectormap-next/-/jvectormap-next-3.1.1.tgz",
      "integrity": "sha512-Eo9yJLMvfq5gtO736udb8pQnGKNCEB/LQpX8LElgEeEa4EZDABPCReaFqM0QPce9VNI9X+Um/yvhyzoPaASAyQ==",
      "dependencies": {
        "jquery": ">=1.7"
      }
    },
    "node_modules/loose-envify": {
      "version": "1.4.0",
      "resolved": "https://registry.npmjs.org/loose-envify/-/loose-envify-1.4.0.tgz",
      "integrity": "sha512-lyuxPGr/Wfhrlem2CL/UcnUc1zcqKAImBDzukY7Y5F/yQiNdko6+fRLevlw1HgMySw7f611UIY408EtxRSoK3Q==",
      "dependencies": {
        "js-tokens": "^3.0.0 || ^4.0.0"
      },
      "bin": {
        "loose-envify": "cli.js"
      }
    },
    "node_modules/object-assign": {
      "version": "4.1.1",
      "resolved": "https://registry.npmjs.org/object-assign/-/object-assign-4.1.1.tgz",
      "integrity": "sha1-IQmtx5ZYh8/AXLvUQsrIv7s2CGM=",
      "engines": {
        "node": ">=0.10.0"
      }
    },
    "node_modules/prop-types": {
      "version": "15.8.1",
      "resolved": "https://registry.npmjs.org/prop-types/-/prop-types-15.8.1.tgz",
      "integrity": "sha512-oj87CgZICdulUohogVAR7AjlC0327U4el4L6eAvOqCeudMDVU0NThNaV+b9Df4dXgSP1gXMTnPdhfe/2qDH5cg==",
      "dependencies": {
        "loose-envify": "^1.4.0",
        "object-assign": "^4.1.1",
        "react-is": "^16.13.1"
      }
    },
    "node_modules/react": {
      "version": "18.1.0",
      "resolved": "https://registry.npmjs.org/react/-/react-18.1.0.tgz",
      "integrity": "sha512-4oL8ivCz5ZEPyclFQXaNksK3adutVS8l2xzZU0cqEFrE9Sb7fC0EFK5uEk74wIreL1DERyjvsU915j1pcT2uEQ==",
      "peer": true,
      "dependencies": {
        "loose-envify": "^1.1.0"
      },
      "engines": {
        "node": ">=0.10.0"
      }
    },
    "node_modules/react-dom": {
      "version": "18.1.0",
      "resolved": "https://registry.npmjs.org/react-dom/-/react-dom-18.1.0.tgz",
      "integrity": "sha512-fU1Txz7Budmvamp7bshe4Zi32d0ll7ect+ccxNu9FlObT605GOEB8BfO4tmRJ39R5Zj831VCpvQ05QPBW5yb+w==",
      "peer": true,
      "dependencies": {
        "loose-envify": "^1.1.0",
        "scheduler": "^0.22.0"
      },
      "peerDependencies": {
        "react": "^18.1.0"
      }
    },
    "node_modules/react-is": {
      "version": "16.13.1",
      "resolved": "https://registry.npmjs.org/react-is/-/react-is-16.13.1.tgz",
      "integrity": "sha512-24e6ynE2H+OKt4kqsOvNd8kBpV65zoxbA4BVsEOB3ARVWQki/DHzaUoC5KuON/BiccDaCCTZBuOcfZs70kR8bQ=="
    },
    "node_modules/react-jvectormap": {
      "version": "0.0.16",
      "resolved": "https://registry.npmjs.org/react-jvectormap/-/react-jvectormap-0.0.16.tgz",
      "integrity": "sha512-DGmdeWucMfagdmQ/ie50Ef/JBP3Q4VpvjikvigNddnVtPlX0M6j9n4QFu42EZ/+S/UeWlEpsaxDzmC5ky4auLA==",
      "deprecated": "This package is deprecated. Please start using @react-jvectormap/core instead",
      "dependencies": {
        "jquery": "^3.4.0",
        "jquery-mousewheel": "^3.1.13",
        "jvectormap-next": "^3.0.0",
        "prop-types": "^15.6.0"
      },
      "peerDependencies": {
        "react": ">=0.14",
        "react-dom": ">=0.14"
      }
    },
    "node_modules/react-messenger-chat-plugin": {
      "version": "3.0.5",
      "resolved": "https://registry.npmjs.org/react-messenger-chat-plugin/-/react-messenger-chat-plugin-3.0.5.tgz",
      "integrity": "sha512-393uI68xyWLElbIYZknOb+zeb8onxIi6ZxmyhsJT76ct6yu/S2Jv7H1eKeB6BqG+vLHST3PrUlTL8gauZdoYIg=="
    },
    "node_modules/scheduler": {
      "version": "0.22.0",
      "resolved": "https://registry.npmjs.org/scheduler/-/scheduler-0.22.0.tgz",
      "integrity": "sha512-6QAm1BgQI88NPYymgGQLCZgvep4FyePDWFpXVK+zNSUgHwlqpJy8VEh8Et0KxTACS4VWwMousBElAZOH9nkkoQ==",
      "peer": true,
      "dependencies": {
        "loose-envify": "^1.1.0"
      }
    }
  },
  "dependencies": {
    "@stripe/react-stripe-js": {
      "version": "1.8.0",
      "resolved": "https://registry.npmjs.org/@stripe/react-stripe-js/-/react-stripe-js-1.8.0.tgz",
      "integrity": "sha512-WtF2mIWJKnyAaZledC48NfynFckEseCPG8tybwFgisFxHvLPKrArlLISJOi2cjIY20DkMAkSkdlEljXifJi0ZA==",
      "requires": {
        "prop-types": "^15.7.2"
      }
    },
    "@stripe/stripe-js": {
      "version": "1.29.0",
      "resolved": "https://registry.npmjs.org/@stripe/stripe-js/-/stripe-js-1.29.0.tgz",
      "integrity": "sha512-OsUxk0VLlum8E2d6onlEdKuQcvLMs7qTrOXCnl/BGV3fAm65qr6h3e1IZ5AX4lgUlPRrzRcddSOA5DvkKKYLvg=="
    },
    "country-list": {
      "version": "2.2.0",
      "resolved": "https://registry.npmjs.org/country-list/-/country-list-2.2.0.tgz",
      "integrity": "sha512-AS21pllCp72LmUztqXPVKXK3TRyap1XlohGLqN04cXH2rFB9vo7SnH5sMnqltZPnu9ie/x1se3UuCZJbGXErfw=="
    },
    "jquery": {
      "version": "3.6.0",
      "resolved": "https://registry.npmjs.org/jquery/-/jquery-3.6.0.tgz",
      "integrity": "sha512-JVzAR/AjBvVt2BmYhxRCSYysDsPcssdmTFnzyLEts9qNwmjmu4JTAMYubEfwVOSwpQ1I1sKKFcxhZCI2buerfw=="
    },
    "jquery-mousewheel": {
      "version": "3.1.13",
      "resolved": "https://registry.npmjs.org/jquery-mousewheel/-/jquery-mousewheel-3.1.13.tgz",
      "integrity": "sha1-BvAzXxbjU6aV5yBr9QUDy1I6buU="
    },
    "js-tokens": {
      "version": "4.0.0",
      "resolved": "https://registry.npmjs.org/js-tokens/-/js-tokens-4.0.0.tgz",
      "integrity": "sha512-RdJUflcE3cUzKiMqQgsCu06FPu9UdIJO0beYbPhHN4k6apgJtifcoCtT9bcxOpYBtpD2kCM6Sbzg4CausW/PKQ=="
    },
    "jvectormap-next": {
      "version": "3.1.1",
      "resolved": "https://registry.npmjs.org/jvectormap-next/-/jvectormap-next-3.1.1.tgz",
      "integrity": "sha512-Eo9yJLMvfq5gtO736udb8pQnGKNCEB/LQpX8LElgEeEa4EZDABPCReaFqM0QPce9VNI9X+Um/yvhyzoPaASAyQ==",
      "requires": {
        "jquery": ">=1.7"
      }
    },
    "loose-envify": {
      "version": "1.4.0",
      "resolved": "https://registry.npmjs.org/loose-envify/-/loose-envify-1.4.0.tgz",
      "integrity": "sha512-lyuxPGr/Wfhrlem2CL/UcnUc1zcqKAImBDzukY7Y5F/yQiNdko6+fRLevlw1HgMySw7f611UIY408EtxRSoK3Q==",
      "requires": {
        "js-tokens": "^3.0.0 || ^4.0.0"
      }
    },
    "object-assign": {
      "version": "4.1.1",
      "resolved": "https://registry.npmjs.org/object-assign/-/object-assign-4.1.1.tgz",
      "integrity": "sha1-IQmtx5ZYh8/AXLvUQsrIv7s2CGM="
    },
    "prop-types": {
      "version": "15.8.1",
      "resolved": "https://registry.npmjs.org/prop-types/-/prop-types-15.8.1.tgz",
      "integrity": "sha512-oj87CgZICdulUohogVAR7AjlC0327U4el4L6eAvOqCeudMDVU0NThNaV+b9Df4dXgSP1gXMTnPdhfe/2qDH5cg==",
      "requires": {
        "loose-envify": "^1.4.0",
        "object-assign": "^4.1.1",
        "react-is": "^16.13.1"
      }
    },
    "react": {
      "version": "18.1.0",
      "resolved": "https://registry.npmjs.org/react/-/react-18.1.0.tgz",
      "integrity": "sha512-4oL8ivCz5ZEPyclFQXaNksK3adutVS8l2xzZU0cqEFrE9Sb7fC0EFK5uEk74wIreL1DERyjvsU915j1pcT2uEQ==",
      "peer": true,
      "requires": {
        "loose-envify": "^1.1.0"
      }
    },
    "react-dom": {
      "version": "18.1.0",
      "resolved": "https://registry.npmjs.org/react-dom/-/react-dom-18.1.0.tgz",
      "integrity": "sha512-fU1Txz7Budmvamp7bshe4Zi32d0ll7ect+ccxNu9FlObT605GOEB8BfO4tmRJ39R5Zj831VCpvQ05QPBW5yb+w==",
      "peer": true,
      "requires": {
        "loose-envify": "^1.1.0",
        "scheduler": "^0.22.0"
      }
    },
    "react-is": {
      "version": "16.13.1",
      "resolved": "https://registry.npmjs.org/react-is/-/react-is-16.13.1.tgz",
      "integrity": "sha512-24e6ynE2H+OKt4kqsOvNd8kBpV65zoxbA4BVsEOB3ARVWQki/DHzaUoC5KuON/BiccDaCCTZBuOcfZs70kR8bQ=="
    },
    "react-jvectormap": {
      "version": "0.0.16",
      "resolved": "https://registry.npmjs.org/react-jvectormap/-/react-jvectormap-0.0.16.tgz",
      "integrity": "sha512-DGmdeWucMfagdmQ/ie50Ef/JBP3Q4VpvjikvigNddnVtPlX0M6j9n4QFu42EZ/+S/UeWlEpsaxDzmC5ky4auLA==",
      "requires": {
        "jquery": "^3.4.0",
        "jquery-mousewheel": "^3.1.13",
        "jvectormap-next": "^3.0.0",
        "prop-types": "^15.6.0"
      }
    },
    "react-messenger-chat-plugin": {
      "version": "3.0.5",
      "resolved": "https://registry.npmjs.org/react-messenger-chat-plugin/-/react-messenger-chat-plugin-3.0.5.tgz",
      "integrity": "sha512-393uI68xyWLElbIYZknOb+zeb8onxIi6ZxmyhsJT76ct6yu/S2Jv7H1eKeB6BqG+vLHST3PrUlTL8gauZdoYIg=="
    },
    "scheduler": {
      "version": "0.22.0",
      "resolved": "https://registry.npmjs.org/scheduler/-/scheduler-0.22.0.tgz",
      "integrity": "sha512-6QAm1BgQI88NPYymgGQLCZgvep4FyePDWFpXVK+zNSUgHwlqpJy8VEh8Et0KxTACS4VWwMousBElAZOH9nkkoQ==",
      "peer": true,
      "requires": {
        "loose-envify": "^1.1.0"
      }
    }
  }
}
